# Linux arm64 CPython 3.12 wheel, matching uv.lock.
pillow==12.3.0 --hash=sha256:d9c7f76c0673154f044e9d78c8655fb4213f6ca31a836df48b40fe5d187717b9
h11==0.16.0 --hash=sha256:63cf8bbe7522de3bf65932fda1d9c2772064ffb3dae62d55932da54b31cb6c86
wsproto==1.3.2 --hash=sha256:61eea322cdf56e8cc904bd3ad7573359a242ba65688716b0710a5eb12beab584
